
Microsoft Visual Studio Solution File, Format Version 11.00
# Visual Studio 2010
Project("{FAE04EC0-301F-11D3-BF4B-00C04F79EFBC}") = "ModelReaderTest", "Legacy\ModelReaderTest\ModelReaderTest.csproj", "{1F5CCD78-6D0E-4F62-AF1F-592B6440B1B3}"
EndProject
Project("{FAE04EC0-301F-11D3-BF4B-00C04F79EFBC}") = "ModelParsing", "ModelParsing\ModelParsing.csproj", "{C0DEDA10-3530-447A-8123-6FCED0A1B7BE}"
EndProject
Project("{FAE04EC0-301F-11D3-BF4B-00C04F79EFBC}") = "KioskManager.legacy", "Legacy\KioskManagerLegacy\KioskManager.legacy.csproj", "{A9F460C4-1B21-4930-B42D-B848597455F2}"
EndProject
Project("{FAE04EC0-301F-11D3-BF4B-00C04F79EFBC}") = "vrebo", "vrebo\vrebo.csproj", "{60458EA7-5B11-4E8B-8644-4538CD08FAFD}"
EndProject
Project("{FAE04EC0-301F-11D3-BF4B-00C04F79EFBC}") = "vreservice", "vreservice\vreservice.csproj", "{A84320F8-DC92-48D7-8AA6-2010786AA7C1}"
EndProject
Project("{FAE04EC0-301F-11D3-BF4B-00C04F79EFBC}") = "vreserver", "vreserver\vreserver.csproj", "{9A8F1119-63BB-4747-B6D9-6DDC0CDB8253}"
EndProject
Project("{FAE04EC0-301F-11D3-BF4B-00C04F79EFBC}") = "ManagementConsole", "Legacy\ManagementConsole\ManagementConsole.csproj", "{B4D2A256-7611-4977-A73F-9655A4AC1D38}"
EndProject
Project("{FAE04EC0-301F-11D3-BF4B-00C04F79EFBC}") = "decout", "Tools\decout\decout.csproj", "{3B881C02-D119-4CF5-9F4D-8F83438BEA81}"
EndProject
Project("{FAE04EC0-301F-11D3-BF4B-00C04F79EFBC}") = "NetClient", "Tests\NetClient\NetClient.csproj", "{7173F3D1-5519-47D0-BC1B-0B0C5379EBAB}"
EndProject
Project("{FAE04EC0-301F-11D3-BF4B-00C04F79EFBC}") = "vresrvcmd", "vresrvcmd\vresrvcmd.csproj", "{86AC5E98-C725-421F-AB1E-BF67278414F4}"
EndProject
Project("{2150E333-8FDC-42A3-9474-1A3956D46DE8}") = "Tests", "Tests", "{28FFBF48-AEAC-4A3B-B7AE-15240E846494}"
EndProject
Project("{FAE04EC0-301F-11D3-BF4B-00C04F79EFBC}") = "PayFlowSandbox", "Tests\PayFlowSandbox\PayFlowSandbox.csproj", "{8F601F61-2CC5-4FEF-8ED1-9ADDC6ADF358}"
EndProject
Project("{FAE04EC0-301F-11D3-BF4B-00C04F79EFBC}") = "ModelPackageTester", "Tools\ModelPackageTester\ModelPackageTester.csproj", "{158574F1-D618-4C9F-9B51-944A8889D166}"
EndProject
Project("{2150E333-8FDC-42A3-9474-1A3956D46DE8}") = "Tools", "Tools", "{BF8BD2DE-A2B1-4401-A20F-C68F4DBE743E}"
EndProject
Project("{2150E333-8FDC-42A3-9474-1A3956D46DE8}") = "Legacy", "Legacy", "{F3D1908C-372B-4ADD-81D3-4E6626E11F62}"
EndProject
Global
	GlobalSection(SolutionConfigurationPlatforms) = preSolution
		Debug|Any CPU = Debug|Any CPU
		Debug|Mixed Platforms = Debug|Mixed Platforms
		Debug|x64 = Debug|x64
		Debug|x86 = Debug|x86
		Release|Any CPU = Release|Any CPU
		Release|Mixed Platforms = Release|Mixed Platforms
		Release|x64 = Release|x64
		Release|x86 = Release|x86
	EndGlobalSection
	GlobalSection(ProjectConfigurationPlatforms) = postSolution
		{1F5CCD78-6D0E-4F62-AF1F-592B6440B1B3}.Debug|Any CPU.ActiveCfg = Debug|Any CPU
		{1F5CCD78-6D0E-4F62-AF1F-592B6440B1B3}.Debug|Mixed Platforms.ActiveCfg = Debug|Any CPU
		{1F5CCD78-6D0E-4F62-AF1F-592B6440B1B3}.Debug|x64.ActiveCfg = Debug|x86
		{1F5CCD78-6D0E-4F62-AF1F-592B6440B1B3}.Debug|x86.ActiveCfg = Debug|x86
		{1F5CCD78-6D0E-4F62-AF1F-592B6440B1B3}.Debug|x86.Build.0 = Debug|x86
		{1F5CCD78-6D0E-4F62-AF1F-592B6440B1B3}.Release|Any CPU.ActiveCfg = Release|Any CPU
		{1F5CCD78-6D0E-4F62-AF1F-592B6440B1B3}.Release|Mixed Platforms.ActiveCfg = Release|Any CPU
		{1F5CCD78-6D0E-4F62-AF1F-592B6440B1B3}.Release|x64.ActiveCfg = Release|x86
		{1F5CCD78-6D0E-4F62-AF1F-592B6440B1B3}.Release|x86.ActiveCfg = Release|x86
		{1F5CCD78-6D0E-4F62-AF1F-592B6440B1B3}.Release|x86.Build.0 = Release|x86
		{C0DEDA10-3530-447A-8123-6FCED0A1B7BE}.Debug|Any CPU.ActiveCfg = Debug|Any CPU
		{C0DEDA10-3530-447A-8123-6FCED0A1B7BE}.Debug|Any CPU.Build.0 = Debug|Any CPU
		{C0DEDA10-3530-447A-8123-6FCED0A1B7BE}.Debug|Mixed Platforms.ActiveCfg = Debug|Any CPU
		{C0DEDA10-3530-447A-8123-6FCED0A1B7BE}.Debug|Mixed Platforms.Build.0 = Debug|Any CPU
		{C0DEDA10-3530-447A-8123-6FCED0A1B7BE}.Debug|x64.ActiveCfg = Debug|x64
		{C0DEDA10-3530-447A-8123-6FCED0A1B7BE}.Debug|x64.Build.0 = Debug|x64
		{C0DEDA10-3530-447A-8123-6FCED0A1B7BE}.Debug|x86.ActiveCfg = Debug|x86
		{C0DEDA10-3530-447A-8123-6FCED0A1B7BE}.Debug|x86.Build.0 = Debug|x86
		{C0DEDA10-3530-447A-8123-6FCED0A1B7BE}.Release|Any CPU.ActiveCfg = Release|Any CPU
		{C0DEDA10-3530-447A-8123-6FCED0A1B7BE}.Release|Any CPU.Build.0 = Release|Any CPU
		{C0DEDA10-3530-447A-8123-6FCED0A1B7BE}.Release|Mixed Platforms.ActiveCfg = Release|Any CPU
		{C0DEDA10-3530-447A-8123-6FCED0A1B7BE}.Release|Mixed Platforms.Build.0 = Release|Any CPU
		{C0DEDA10-3530-447A-8123-6FCED0A1B7BE}.Release|x64.ActiveCfg = Release|x64
		{C0DEDA10-3530-447A-8123-6FCED0A1B7BE}.Release|x64.Build.0 = Release|x64
		{C0DEDA10-3530-447A-8123-6FCED0A1B7BE}.Release|x86.ActiveCfg = Release|x86
		{C0DEDA10-3530-447A-8123-6FCED0A1B7BE}.Release|x86.Build.0 = Release|x86
		{A9F460C4-1B21-4930-B42D-B848597455F2}.Debug|Any CPU.ActiveCfg = Debug|Any CPU
		{A9F460C4-1B21-4930-B42D-B848597455F2}.Debug|Mixed Platforms.ActiveCfg = Debug|Any CPU
		{A9F460C4-1B21-4930-B42D-B848597455F2}.Debug|x64.ActiveCfg = Debug|x64
		{A9F460C4-1B21-4930-B42D-B848597455F2}.Debug|x64.Build.0 = Debug|x64
		{A9F460C4-1B21-4930-B42D-B848597455F2}.Debug|x86.ActiveCfg = Debug|x86
		{A9F460C4-1B21-4930-B42D-B848597455F2}.Debug|x86.Build.0 = Debug|x86
		{A9F460C4-1B21-4930-B42D-B848597455F2}.Release|Any CPU.ActiveCfg = Release|Any CPU
		{A9F460C4-1B21-4930-B42D-B848597455F2}.Release|Any CPU.Build.0 = Release|Any CPU
		{A9F460C4-1B21-4930-B42D-B848597455F2}.Release|Mixed Platforms.ActiveCfg = Release|Any CPU
		{A9F460C4-1B21-4930-B42D-B848597455F2}.Release|x64.ActiveCfg = Release|x64
		{A9F460C4-1B21-4930-B42D-B848597455F2}.Release|x64.Build.0 = Release|x64
		{A9F460C4-1B21-4930-B42D-B848597455F2}.Release|x86.ActiveCfg = Release|x86
		{A9F460C4-1B21-4930-B42D-B848597455F2}.Release|x86.Build.0 = Release|x86
		{60458EA7-5B11-4E8B-8644-4538CD08FAFD}.Debug|Any CPU.ActiveCfg = Debug|Any CPU
		{60458EA7-5B11-4E8B-8644-4538CD08FAFD}.Debug|Any CPU.Build.0 = Debug|Any CPU
		{60458EA7-5B11-4E8B-8644-4538CD08FAFD}.Debug|Mixed Platforms.ActiveCfg = Debug|Any CPU
		{60458EA7-5B11-4E8B-8644-4538CD08FAFD}.Debug|Mixed Platforms.Build.0 = Debug|Any CPU
		{60458EA7-5B11-4E8B-8644-4538CD08FAFD}.Debug|x64.ActiveCfg = Debug|x64
		{60458EA7-5B11-4E8B-8644-4538CD08FAFD}.Debug|x64.Build.0 = Debug|x64
		{60458EA7-5B11-4E8B-8644-4538CD08FAFD}.Debug|x86.ActiveCfg = Debug|x86
		{60458EA7-5B11-4E8B-8644-4538CD08FAFD}.Debug|x86.Build.0 = Debug|x86
		{60458EA7-5B11-4E8B-8644-4538CD08FAFD}.Release|Any CPU.ActiveCfg = Release|Any CPU
		{60458EA7-5B11-4E8B-8644-4538CD08FAFD}.Release|Any CPU.Build.0 = Release|Any CPU
		{60458EA7-5B11-4E8B-8644-4538CD08FAFD}.Release|Mixed Platforms.ActiveCfg = Release|Any CPU
		{60458EA7-5B11-4E8B-8644-4538CD08FAFD}.Release|Mixed Platforms.Build.0 = Release|Any CPU
		{60458EA7-5B11-4E8B-8644-4538CD08FAFD}.Release|x64.ActiveCfg = Release|x64
		{60458EA7-5B11-4E8B-8644-4538CD08FAFD}.Release|x64.Build.0 = Release|x64
		{60458EA7-5B11-4E8B-8644-4538CD08FAFD}.Release|x86.ActiveCfg = Release|x86
		{60458EA7-5B11-4E8B-8644-4538CD08FAFD}.Release|x86.Build.0 = Release|x86
		{A84320F8-DC92-48D7-8AA6-2010786AA7C1}.Debug|Any CPU.ActiveCfg = Debug|Any CPU
		{A84320F8-DC92-48D7-8AA6-2010786AA7C1}.Debug|Any CPU.Build.0 = Debug|Any CPU
		{A84320F8-DC92-48D7-8AA6-2010786AA7C1}.Debug|Mixed Platforms.ActiveCfg = Debug|Any CPU
		{A84320F8-DC92-48D7-8AA6-2010786AA7C1}.Debug|Mixed Platforms.Build.0 = Debug|Any CPU
		{A84320F8-DC92-48D7-8AA6-2010786AA7C1}.Debug|x64.ActiveCfg = Debug|x64
		{A84320F8-DC92-48D7-8AA6-2010786AA7C1}.Debug|x64.Build.0 = Debug|x64
		{A84320F8-DC92-48D7-8AA6-2010786AA7C1}.Debug|x86.ActiveCfg = Debug|x86
		{A84320F8-DC92-48D7-8AA6-2010786AA7C1}.Debug|x86.Build.0 = Debug|x86
		{A84320F8-DC92-48D7-8AA6-2010786AA7C1}.Release|Any CPU.ActiveCfg = Release|Any CPU
		{A84320F8-DC92-48D7-8AA6-2010786AA7C1}.Release|Any CPU.Build.0 = Release|Any CPU
		{A84320F8-DC92-48D7-8AA6-2010786AA7C1}.Release|Mixed Platforms.ActiveCfg = Release|Any CPU
		{A84320F8-DC92-48D7-8AA6-2010786AA7C1}.Release|Mixed Platforms.Build.0 = Release|Any CPU
		{A84320F8-DC92-48D7-8AA6-2010786AA7C1}.Release|x64.ActiveCfg = Release|x64
		{A84320F8-DC92-48D7-8AA6-2010786AA7C1}.Release|x64.Build.0 = Release|x64
		{A84320F8-DC92-48D7-8AA6-2010786AA7C1}.Release|x86.ActiveCfg = Release|x86
		{A84320F8-DC92-48D7-8AA6-2010786AA7C1}.Release|x86.Build.0 = Release|x86
		{9A8F1119-63BB-4747-B6D9-6DDC0CDB8253}.Debug|Any CPU.ActiveCfg = Debug|Any CPU
		{9A8F1119-63BB-4747-B6D9-6DDC0CDB8253}.Debug|Any CPU.Build.0 = Debug|Any CPU
		{9A8F1119-63BB-4747-B6D9-6DDC0CDB8253}.Debug|Mixed Platforms.ActiveCfg = Debug|Any CPU
		{9A8F1119-63BB-4747-B6D9-6DDC0CDB8253}.Debug|Mixed Platforms.Build.0 = Debug|Any CPU
		{9A8F1119-63BB-4747-B6D9-6DDC0CDB8253}.Debug|x64.ActiveCfg = Debug|x64
		{9A8F1119-63BB-4747-B6D9-6DDC0CDB8253}.Debug|x64.Build.0 = Debug|x64
		{9A8F1119-63BB-4747-B6D9-6DDC0CDB8253}.Debug|x86.ActiveCfg = Debug|x86
		{9A8F1119-63BB-4747-B6D9-6DDC0CDB8253}.Debug|x86.Build.0 = Debug|x86
		{9A8F1119-63BB-4747-B6D9-6DDC0CDB8253}.Release|Any CPU.ActiveCfg = Release|Any CPU
		{9A8F1119-63BB-4747-B6D9-6DDC0CDB8253}.Release|Any CPU.Build.0 = Release|Any CPU
		{9A8F1119-63BB-4747-B6D9-6DDC0CDB8253}.Release|Mixed Platforms.ActiveCfg = Release|Any CPU
		{9A8F1119-63BB-4747-B6D9-6DDC0CDB8253}.Release|Mixed Platforms.Build.0 = Release|Any CPU
		{9A8F1119-63BB-4747-B6D9-6DDC0CDB8253}.Release|x64.ActiveCfg = Release|x64
		{9A8F1119-63BB-4747-B6D9-6DDC0CDB8253}.Release|x64.Build.0 = Release|x64
		{9A8F1119-63BB-4747-B6D9-6DDC0CDB8253}.Release|x86.ActiveCfg = Release|x86
		{9A8F1119-63BB-4747-B6D9-6DDC0CDB8253}.Release|x86.Build.0 = Release|x86
		{B4D2A256-7611-4977-A73F-9655A4AC1D38}.Debug|Any CPU.ActiveCfg = Debug|Any CPU
		{B4D2A256-7611-4977-A73F-9655A4AC1D38}.Debug|Any CPU.Build.0 = Debug|Any CPU
		{B4D2A256-7611-4977-A73F-9655A4AC1D38}.Debug|Mixed Platforms.ActiveCfg = Debug|Any CPU
		{B4D2A256-7611-4977-A73F-9655A4AC1D38}.Debug|x64.ActiveCfg = Debug|x86
		{B4D2A256-7611-4977-A73F-9655A4AC1D38}.Debug|x86.ActiveCfg = Debug|x86
		{B4D2A256-7611-4977-A73F-9655A4AC1D38}.Debug|x86.Build.0 = Debug|x86
		{B4D2A256-7611-4977-A73F-9655A4AC1D38}.Release|Any CPU.ActiveCfg = Release|Any CPU
		{B4D2A256-7611-4977-A73F-9655A4AC1D38}.Release|Any CPU.Build.0 = Release|Any CPU
		{B4D2A256-7611-4977-A73F-9655A4AC1D38}.Release|Mixed Platforms.ActiveCfg = Release|Any CPU
		{B4D2A256-7611-4977-A73F-9655A4AC1D38}.Release|x64.ActiveCfg = Release|x86
		{B4D2A256-7611-4977-A73F-9655A4AC1D38}.Release|x86.ActiveCfg = Release|x86
		{B4D2A256-7611-4977-A73F-9655A4AC1D38}.Release|x86.Build.0 = Release|x86
		{3B881C02-D119-4CF5-9F4D-8F83438BEA81}.Debug|Any CPU.ActiveCfg = Debug|x86
		{3B881C02-D119-4CF5-9F4D-8F83438BEA81}.Debug|Mixed Platforms.ActiveCfg = Debug|Any CPU
		{3B881C02-D119-4CF5-9F4D-8F83438BEA81}.Debug|x64.ActiveCfg = Debug|x86
		{3B881C02-D119-4CF5-9F4D-8F83438BEA81}.Debug|x86.ActiveCfg = Debug|x86
		{3B881C02-D119-4CF5-9F4D-8F83438BEA81}.Debug|x86.Build.0 = Debug|x86
		{3B881C02-D119-4CF5-9F4D-8F83438BEA81}.Release|Any CPU.ActiveCfg = Release|x86
		{3B881C02-D119-4CF5-9F4D-8F83438BEA81}.Release|Mixed Platforms.ActiveCfg = Release|Any CPU
		{3B881C02-D119-4CF5-9F4D-8F83438BEA81}.Release|x64.ActiveCfg = Release|x86
		{3B881C02-D119-4CF5-9F4D-8F83438BEA81}.Release|x86.ActiveCfg = Release|x86
		{3B881C02-D119-4CF5-9F4D-8F83438BEA81}.Release|x86.Build.0 = Release|x86
		{7173F3D1-5519-47D0-BC1B-0B0C5379EBAB}.Debug|Any CPU.ActiveCfg = Debug|Any CPU
		{7173F3D1-5519-47D0-BC1B-0B0C5379EBAB}.Debug|Any CPU.Build.0 = Debug|Any CPU
		{7173F3D1-5519-47D0-BC1B-0B0C5379EBAB}.Debug|Mixed Platforms.ActiveCfg = Debug|Any CPU
		{7173F3D1-5519-47D0-BC1B-0B0C5379EBAB}.Debug|x64.ActiveCfg = Debug|x86
		{7173F3D1-5519-47D0-BC1B-0B0C5379EBAB}.Debug|x86.ActiveCfg = Debug|x86
		{7173F3D1-5519-47D0-BC1B-0B0C5379EBAB}.Debug|x86.Build.0 = Debug|x86
		{7173F3D1-5519-47D0-BC1B-0B0C5379EBAB}.Release|Any CPU.ActiveCfg = Release|Any CPU
		{7173F3D1-5519-47D0-BC1B-0B0C5379EBAB}.Release|Any CPU.Build.0 = Release|Any CPU
		{7173F3D1-5519-47D0-BC1B-0B0C5379EBAB}.Release|Mixed Platforms.ActiveCfg = Release|Any CPU
		{7173F3D1-5519-47D0-BC1B-0B0C5379EBAB}.Release|x64.ActiveCfg = Release|x86
		{7173F3D1-5519-47D0-BC1B-0B0C5379EBAB}.Release|x86.ActiveCfg = Release|x86
		{7173F3D1-5519-47D0-BC1B-0B0C5379EBAB}.Release|x86.Build.0 = Release|x86
		{86AC5E98-C725-421F-AB1E-BF67278414F4}.Debug|Any CPU.ActiveCfg = Debug|x86
		{86AC5E98-C725-421F-AB1E-BF67278414F4}.Debug|Mixed Platforms.ActiveCfg = Debug|Any CPU
		{86AC5E98-C725-421F-AB1E-BF67278414F4}.Debug|Mixed Platforms.Build.0 = Debug|Any CPU
		{86AC5E98-C725-421F-AB1E-BF67278414F4}.Debug|x64.ActiveCfg = Debug|x86
		{86AC5E98-C725-421F-AB1E-BF67278414F4}.Debug|x86.ActiveCfg = Debug|x86
		{86AC5E98-C725-421F-AB1E-BF67278414F4}.Debug|x86.Build.0 = Debug|x86
		{86AC5E98-C725-421F-AB1E-BF67278414F4}.Release|Any CPU.ActiveCfg = Release|x86
		{86AC5E98-C725-421F-AB1E-BF67278414F4}.Release|Mixed Platforms.ActiveCfg = Release|Any CPU
		{86AC5E98-C725-421F-AB1E-BF67278414F4}.Release|Mixed Platforms.Build.0 = Release|Any CPU
		{86AC5E98-C725-421F-AB1E-BF67278414F4}.Release|x64.ActiveCfg = Release|x86
		{86AC5E98-C725-421F-AB1E-BF67278414F4}.Release|x86.ActiveCfg = Release|x86
		{86AC5E98-C725-421F-AB1E-BF67278414F4}.Release|x86.Build.0 = Release|x86
		{8F601F61-2CC5-4FEF-8ED1-9ADDC6ADF358}.Debug|Any CPU.ActiveCfg = Debug|x86
		{8F601F61-2CC5-4FEF-8ED1-9ADDC6ADF358}.Debug|Mixed Platforms.ActiveCfg = Debug|x86
		{8F601F61-2CC5-4FEF-8ED1-9ADDC6ADF358}.Debug|Mixed Platforms.Build.0 = Debug|x86
		{8F601F61-2CC5-4FEF-8ED1-9ADDC6ADF358}.Debug|x64.ActiveCfg = Debug|x86
		{8F601F61-2CC5-4FEF-8ED1-9ADDC6ADF358}.Debug|x86.ActiveCfg = Debug|x86
		{8F601F61-2CC5-4FEF-8ED1-9ADDC6ADF358}.Debug|x86.Build.0 = Debug|x86
		{8F601F61-2CC5-4FEF-8ED1-9ADDC6ADF358}.Release|Any CPU.ActiveCfg = Release|x86
		{8F601F61-2CC5-4FEF-8ED1-9ADDC6ADF358}.Release|Mixed Platforms.ActiveCfg = Release|x86
		{8F601F61-2CC5-4FEF-8ED1-9ADDC6ADF358}.Release|Mixed Platforms.Build.0 = Release|x86
		{8F601F61-2CC5-4FEF-8ED1-9ADDC6ADF358}.Release|x64.ActiveCfg = Release|x86
		{8F601F61-2CC5-4FEF-8ED1-9ADDC6ADF358}.Release|x86.ActiveCfg = Release|x86
		{8F601F61-2CC5-4FEF-8ED1-9ADDC6ADF358}.Release|x86.Build.0 = Release|x86
		{158574F1-D618-4C9F-9B51-944A8889D166}.Debug|Any CPU.ActiveCfg = Debug|x86
		{158574F1-D618-4C9F-9B51-944A8889D166}.Debug|Mixed Platforms.ActiveCfg = Debug|Any CPU
		{158574F1-D618-4C9F-9B51-944A8889D166}.Debug|x64.ActiveCfg = Debug|x86
		{158574F1-D618-4C9F-9B51-944A8889D166}.Debug|x86.ActiveCfg = Debug|x86
		{158574F1-D618-4C9F-9B51-944A8889D166}.Debug|x86.Build.0 = Debug|x86
		{158574F1-D618-4C9F-9B51-944A8889D166}.Release|Any CPU.ActiveCfg = Release|x86
		{158574F1-D618-4C9F-9B51-944A8889D166}.Release|Mixed Platforms.ActiveCfg = Release|Any CPU
		{158574F1-D618-4C9F-9B51-944A8889D166}.Release|x64.ActiveCfg = Release|x86
		{158574F1-D618-4C9F-9B51-944A8889D166}.Release|x86.ActiveCfg = Release|x86
		{158574F1-D618-4C9F-9B51-944A8889D166}.Release|x86.Build.0 = Release|x86
	EndGlobalSection
	GlobalSection(SolutionProperties) = preSolution
		HideSolutionNode = FALSE
	EndGlobalSection
	GlobalSection(NestedProjects) = preSolution
		{A9F460C4-1B21-4930-B42D-B848597455F2} = {F3D1908C-372B-4ADD-81D3-4E6626E11F62}
		{B4D2A256-7611-4977-A73F-9655A4AC1D38} = {F3D1908C-372B-4ADD-81D3-4E6626E11F62}
		{1F5CCD78-6D0E-4F62-AF1F-592B6440B1B3} = {F3D1908C-372B-4ADD-81D3-4E6626E11F62}
		{158574F1-D618-4C9F-9B51-944A8889D166} = {BF8BD2DE-A2B1-4401-A20F-C68F4DBE743E}
		{3B881C02-D119-4CF5-9F4D-8F83438BEA81} = {BF8BD2DE-A2B1-4401-A20F-C68F4DBE743E}
		{7173F3D1-5519-47D0-BC1B-0B0C5379EBAB} = {28FFBF48-AEAC-4A3B-B7AE-15240E846494}
		{8F601F61-2CC5-4FEF-8ED1-9ADDC6ADF358} = {28FFBF48-AEAC-4A3B-B7AE-15240E846494}
	EndGlobalSection
EndGlobal
